
Microsoft Visual Studio Solution File, Format Version 12.00
# Visual Studio 15
VisualStudioVersion = 15.0.26403.3
MinimumVisualStudioVersion = 10.0.40219.1
Project("{FAE04EC0-301F-11D3-BF4B-00C04F79EFBC}") = "Hudl.FFmpeg", "src\Hudl.FFmpeg\Hudl.FFmpeg.csproj", "{39F85896-D888-4005-93C2-284C6FE4E945}"
EndProject
Project("{FAE04EC0-301F-11D3-BF4B-00C04F79EFBC}") = "Hudl.FFmpeg.Core", "src\Hudl.FFmpeg.Core\Hudl.FFmpeg.Core.csproj", "{CEFDEF7F-7F02-4527-A673-82B4FCBC5940}"
EndProject
Project("{FAE04EC0-301F-11D3-BF4B-00C04F79EFBC}") = "Hudl.FFprobe", "src\Hudl.FFprobe\Hudl.FFprobe.csproj", "{5E1BB5FC-9B74-4CBB-A6B4-30B2108D0F02}"
EndProject
Global
	GlobalSection(SolutionConfigurationPlatforms) = preSolution
		Debug|Any CPU = Debug|Any CPU
		Release|Any CPU = Release|Any CPU
	EndGlobalSection
	GlobalSection(ProjectConfigurationPlatforms) = postSolution
		{39F85896-D888-4005-93C2-284C6FE4E945}.Debug|Any CPU.ActiveCfg = Debug|Any CPU
		{39F85896-D888-4005-93C2-284C6FE4E945}.Debug|Any CPU.Build.0 = Debug|Any CPU
		{39F85896-D888-4005-93C2-284C6FE4E945}.Release|Any CPU.ActiveCfg = Release|Any CPU
		{39F85896-D888-4005-93C2-284C6FE4E945}.Release|Any CPU.Build.0 = Release|Any CPU
		{CEFDEF7F-7F02-4527-A673-82B4FCBC5940}.Debug|Any CPU.ActiveCfg = Debug|Any CPU
		{CEFDEF7F-7F02-4527-A673-82B4FCBC5940}.Debug|Any CPU.Build.0 = Debug|Any CPU
		{CEFDEF7F-7F02-4527-A673-82B4FCBC5940}.Release|Any CPU.ActiveCfg = Release|Any CPU
		{CEFDEF7F-7F02-4527-A673-82B4FCBC5940}.Release|Any CPU.Build.0 = Release|Any CPU
		{5E1BB5FC-9B74-4CBB-A6B4-30B2108D0F02}.Debug|Any CPU.ActiveCfg = Debug|Any CPU
		{5E1BB5FC-9B74-4CBB-A6B4-30B2108D0F02}.Debug|Any CPU.Build.0 = Debug|Any CPU
		{5E1BB5FC-9B74-4CBB-A6B4-30B2108D0F02}.Release|Any CPU.ActiveCfg = Release|Any CPU
		{5E1BB5FC-9B74-4CBB-A6B4-30B2108D0F02}.Release|Any CPU.Build.0 = Release|Any CPU
	EndGlobalSection
	GlobalSection(SolutionProperties) = preSolution
		HideSolutionNode = FALSE
	EndGlobalSection
EndGlobal
